
Microsoft Visual Studio Solution File, Format Version 12.00
# Visual Studio Version 17
VisualStudioVersion = 17.11.35303.130
MinimumVisualStudioVersion = 10.0.40219.1
Project("{FAE04EC0-301F-11D3-BF4B-00C04F79EFBC}") = "PhishingReportAddin", "PhishingReportAddin\PhishingReportAddin.csproj", "{34D93E9F-26BC-4C7E-8810-9A5623738FCA}"
EndProject
Project("{54435603-DBB4-11D2-8724-00A0C9A8B90C}") = "PhishingReportAddinInstaller", "PhishingReportAddinInstaller\PhishingReportAddinInstaller\PhishingReportAddinInstaller.vdproj", "{8EB0EE99-2640-490D-BFF1-D72ED5FB5875}"
EndProject
Global
	GlobalSection(SolutionConfigurationPlatforms) = preSolution
		Debug|Any CPU = Debug|Any CPU
		Release|Any CPU = Release|Any CPU
	EndGlobalSection
	GlobalSection(ProjectConfigurationPlatforms) = postSolution
		{34D93E9F-26BC-4C7E-8810-9A5623738FCA}.Debug|Any CPU.ActiveCfg = Release|Any CPU
		{34D93E9F-26BC-4C7E-8810-9A5623738FCA}.Debug|Any CPU.Build.0 = Release|Any CPU
		{34D93E9F-26BC-4C7E-8810-9A5623738FCA}.Release|Any CPU.ActiveCfg = Release|Any CPU
		{34D93E9F-26BC-4C7E-8810-9A5623738FCA}.Release|Any CPU.Build.0 = Release|Any CPU
		{8EB0EE99-2640-490D-BFF1-D72ED5FB5875}.Debug|Any CPU.ActiveCfg = Release
		{8EB0EE99-2640-490D-BFF1-D72ED5FB5875}.Release|Any CPU.ActiveCfg = Release
	EndGlobalSection
	GlobalSection(SolutionProperties) = preSolution
		HideSolutionNode = FALSE
	EndGlobalSection
	GlobalSection(ExtensibilityGlobals) = postSolution
		SolutionGuid = {95B91685-CB27-4B8C-8E05-E1347F2812E6}
	EndGlobalSection
EndGlobal
